
Microsoft Visual Studio Solution File, Format Version 12.00
# Visual Studio 15
VisualStudioVersion = 15.0.28307.1622
MinimumVisualStudioVersion = 10.0.40219.1
Project("{FAE04EC0-301F-11D3-BF4B-00C04F79EFBC}") = "ProjetoIntegradorBiblioteca", "ProjetoIntegradorBiblioteca\ProjetoIntegradorBiblioteca.csproj", "{7544DEF4-CCEC-4444-A1DB-C01421DE8307}"
EndProject
Project("{FAE04EC0-301F-11D3-BF4B-00C04F79EFBC}") = "ProjetoIntegrador_BibliotecasdeClasse", "ProjetoIntegrador_BibliotecasdeClasse\ProjetoIntegrador_BibliotecasdeClasse.csproj", "{99F6988D-23C7-46D5-94F8-69CA21AB1622}"
EndProject
Global
	GlobalSection(SolutionConfigurationPlatforms) = preSolution
		Debug|Any CPU = Debug|Any CPU
		Release|Any CPU = Release|Any CPU
	EndGlobalSection
	GlobalSection(ProjectConfigurationPlatforms) = postSolution
		{7544DEF4-CCEC-4444-A1DB-C01421DE8307}.Debug|Any CPU.ActiveCfg = Debug|Any CPU
		{7544DEF4-CCEC-4444-A1DB-C01421DE8307}.Debug|Any CPU.Build.0 = Debug|Any CPU
		{7544DEF4-CCEC-4444-A1DB-C01421DE8307}.Release|Any CPU.ActiveCfg = Release|Any CPU
		{7544DEF4-CCEC-4444-A1DB-C01421DE8307}.Release|Any CPU.Build.0 = Release|Any CPU
		{99F6988D-23C7-46D5-94F8-69CA21AB1622}.Debug|Any CPU.ActiveCfg = Debug|Any CPU
		{99F6988D-23C7-46D5-94F8-69CA21AB1622}.Debug|Any CPU.Build.0 = Debug|Any CPU
		{99F6988D-23C7-46D5-94F8-69CA21AB1622}.Release|Any CPU.ActiveCfg = Release|Any CPU
		{99F6988D-23C7-46D5-94F8-69CA21AB1622}.Release|Any CPU.Build.0 = Release|Any CPU
	EndGlobalSection
	GlobalSection(SolutionProperties) = preSolution
		HideSolutionNode = FALSE
	EndGlobalSection
	GlobalSection(ExtensibilityGlobals) = postSolution
		SolutionGuid = {EA8F4B75-B6C3-482F-9B44-49D78BAF1260}
	EndGlobalSection
EndGlobal
